
Microsoft Visual Studio Solution File, Format Version 12.00
# Visual Studio 15
VisualStudioVersion = 15.0.28307.329
MinimumVisualStudioVersion = 10.0.40219.1
Project("{9092AA53-FB77-4645-B42D-1CCCA6BD08BD}") = "MyObject", "MyObject\MyObject.njsproj", "{4912F4F2-0CA5-4B06-881A-A41753B1FBCD}"
EndProject
Global
	GlobalSection(SolutionConfigurationPlatforms) = preSolution
		Debug|Any CPU = Debug|Any CPU
		Release|Any CPU = Release|Any CPU
	EndGlobalSection
	GlobalSection(ProjectConfigurationPlatforms) = postSolution
		{4912F4F2-0CA5-4B06-881A-A41753B1FBCD}.Debug|Any CPU.ActiveCfg = Debug|Any CPU
		{4912F4F2-0CA5-4B06-881A-A41753B1FBCD}.Debug|Any CPU.Build.0 = Debug|Any CPU
		{4912F4F2-0CA5-4B06-881A-A41753B1FBCD}.Release|Any CPU.ActiveCfg = Release|Any CPU
		{4912F4F2-0CA5-4B06-881A-A41753B1FBCD}.Release|Any CPU.Build.0 = Release|Any CPU
	EndGlobalSection
	GlobalSection(SolutionProperties) = preSolution
		HideSolutionNode = FALSE
	EndGlobalSection
	GlobalSection(ExtensibilityGlobals) = postSolution
		SolutionGuid = {2140B341-4B07-4A9F-AD16-8974BB52F5AB}
	EndGlobalSection
EndGlobal
